// !$*UTF8*$!
{
	archiveVersion = 1;
	classes = {
	};
	objectVersion = 56;
	objects = {

/* Begin PBXBuildFile section */
		FE15A8A12B2370AB0051B0B5 /* MovieFeature.framework in Frameworks */ = {isa = PBXBuildFile; fileRef = FE15A8982B2370AB0051B0B5 /* MovieFeature.framework */; };
		FE15A8A62B2370AB0051B0B5 /* MovieFeatureTests.swift in Sources */ = {isa = PBXBuildFile; fileRef = FE15A8A52B2370AB0051B0B5 /* MovieFeatureTests.swift */; };
		FE15A8A72B2370AB0051B0B5 /* MovieFeature.h in Headers */ = {isa = PBXBuildFile; fileRef = FE15A89B2B2370AB0051B0B5 /* MovieFeature.h */; settings = {ATTRIBUTES = (Public, ); }; };
		FE15A8B72B2370C60051B0B5 /* MovieKingApp.swift in Sources */ = {isa = PBXBuildFile; fileRef = FE15A8B62B2370C60051B0B5 /* MovieKingApp.swift */; };
		FE15A8B92B2370C60051B0B5 /* ContentView.swift in Sources */ = {isa = PBXBuildFile; fileRef = FE15A8B82B2370C60051B0B5 /* ContentView.swift */; };
		FE15A8BB2B2370C60051B0B5 /* Assets.xcassets in Resources */ = {isa = PBXBuildFile; fileRef = FE15A8BA2B2370C60051B0B5 /* Assets.xcassets */; };
		FE15A8BE2B2370C60051B0B5 /* Preview Assets.xcassets in Resources */ = {isa = PBXBuildFile; fileRef = FE15A8BD2B2370C60051B0B5 /* Preview Assets.xcassets */; };
/* End PBXBuildFile section */

/* Begin PBXContainerItemProxy section */
		FE15A8A22B2370AB0051B0B5 /* PBXContainerItemProxy */ = {
			isa = PBXContainerItemProxy;
			containerPortal = FE15A88F2B2370AB0051B0B5 /* Project object */;
			proxyType = 1;
			remoteGlobalIDString = FE15A8972B2370AB0051B0B5;
			remoteInfo = MovieFeature;
		};
/* End PBXContainerItemProxy section */

/* Begin PBXFileReference section */
		FE15A8982B2370AB0051B0B5 /* MovieFeature.framework */ = {isa = PBXFileReference; explicitFileType = wrapper.framework; includeInIndex = 0; path = MovieFeature.framework; sourceTree = BUILT_PRODUCTS_DIR; };
		FE15A89B2B2370AB0051B0B5 /* MovieFeature.h */ = {isa = PBXFileReference; lastKnownFileType = sourcecode.c.h; path = MovieFeature.h; sourceTree = "<group>"; };
		FE15A8A02B2370AB0051B0B5 /* MovieFeatureTests.xctest */ = {isa = PBXFileReference; explicitFileType = wrapper.cfbundle; includeInIndex = 0; path = MovieFeatureTests.xctest; sourceTree = BUILT_PRODUCTS_DIR; };
		FE15A8A52B2370AB0051B0B5 /* MovieFeatureTests.swift */ = {isa = PBXFileReference; lastKnownFileType = sourcecode.swift; path = MovieFeatureTests.swift; sourceTree = "<group>"; };
		FE15A8B42B2370C60051B0B5 /* MovieKing.app */ = {isa = PBXFileReference; explicitFileType = wrapper.application; includeInIndex = 0; path = MovieKing.app; sourceTree = BUILT_PRODUCTS_DIR; };
		FE15A8B62B2370C60051B0B5 /* MovieKingApp.swift */ = {isa = PBXFileReference; lastKnownFileType = sourcecode.swift; path = MovieKingApp.swift; sourceTree = "<group>"; };
		FE15A8B82B2370C60051B0B5 /* ContentView.swift */ = {isa = PBXFileReference; lastKnownFileType = sourcecode.swift; path = ContentView.swift; sourceTree = "<group>"; };
		FE15A8BA2B2370C60051B0B5 /* Assets.xcassets */ = {isa = PBXFileReference; lastKnownFileType = folder.assetcatalog; path = Assets.xcassets; sourceTree = "<group>"; };
		FE15A8BD2B2370C60051B0B5 /* Preview Assets.xcassets */ = {isa = PBXFileReference; lastKnownFileType = folder.assetcatalog; path = "Preview Assets.xcassets"; sourceTree = "<group>"; };
/* End PBXFileReference section */

/* Begin PBXFrameworksBuildPhase section */
		FE15A8952B2370AB0051B0B5 /* Frameworks */ = {
			isa = PBXFrameworksBuildPhase;
			buildActionMask = 2147483647;
			files = (
			);
			runOnlyForDeploymentPostprocessing = 0;
		};
		FE15A89D2B2370AB0051B0B5 /* Frameworks */ = {
			isa = PBXFrameworksBuildPhase;
			buildActionMask = 2147483647;
			files = (
				FE15A8A12B2370AB0051B0B5 /* MovieFeature.framework in Frameworks */,
			);
			runOnlyForDeploymentPostprocessing = 0;
		};
		FE15A8B12B2370C60051B0B5 /* Frameworks */ = {
			isa = PBXFrameworksBuildPhase;
			buildActionMask = 2147483647;
			files = (
			);
			runOnlyForDeploymentPostprocessing = 0;
		};
/* End PBXFrameworksBuildPhase section */

/* Begin PBXGroup section */
		FE15A88E2B2370AB0051B0B5 = {
			isa = PBXGroup;
			children = (
				FE15A89A2B2370AB0051B0B5 /* MovieFeature */,
				FE15A8A42B2370AB0051B0B5 /* MovieFeatureTests */,
				FE15A8B52B2370C60051B0B5 /* MovieKing */,
				FE15A8992B2370AB0051B0B5 /* Products */,
			);
			sourceTree = "<group>";
		};
		FE15A8992B2370AB0051B0B5 /* Products */ = {
			isa = PBXGroup;
			children = (
				FE15A8982B2370AB0051B0B5 /* MovieFeature.framework */,
				FE15A8A02B2370AB0051B0B5 /* MovieFeatureTests.xctest */,
				FE15A8B42B2370C60051B0B5 /* MovieKing.app */,
			);
			name = Products;
			sourceTree = "<group>";
		};
		FE15A89A2B2370AB0051B0B5 /* MovieFeature */ = {
			isa = PBXGroup;
			children = (
				FE15A89B2B2370AB0051B0B5 /* MovieFeature.h */,
			);
			path = MovieFeature;
			sourceTree = "<group>";
		};
		FE15A8A42B2370AB0051B0B5 /* MovieFeatureTests */ = {
			isa = PBXGroup;
			children = (
				FE15A8A52B2370AB0051B0B5 /* MovieFeatureTests.swift */,
			);
			path = MovieFeatureTests;
			sourceTree = "<group>";
		};
		FE15A8B52B2370C60051B0B5 /* MovieKing */ = {
			isa = PBXGroup;
			children = (
				FE15A8B62B2370C60051B0B5 /* MovieKingApp.swift */,
				FE15A8B82B2370C60051B0B5 /* ContentView.swift */,
				FE15A8BA2B2370C60051B0B5 /* Assets.xcassets */,
				FE15A8BC2B2370C60051B0B5 /* Preview Content */,
			);
			path = MovieKing;
			sourceTree = "<group>";
		};
		FE15A8BC2B2370C60051B0B5 /* Preview Content */ = {
			isa = PBXGroup;
			children = (
				FE15A8BD2B2370C60051B0B5 /* Preview Assets.xcassets */,
			);
			path = "Preview Content";
			sourceTree = "<group>";
		};
/* End PBXGroup section */

/* Begin PBXHeadersBuildPhase section */
		FE15A8932B2370AB0051B0B5 /* Headers */ = {
			isa = PBXHeadersBuildPhase;
			buildActionMask = 2147483647;
			files = (
				FE15A8A72B2370AB0051B0B5 /* MovieFeature.h in Headers */,
			);
			runOnlyForDeploymentPostprocessing = 0;
		};
/* End PBXHeadersBuildPhase section */

/* Begin PBXNativeTarget section */
		FE15A8972B2370AB0051B0B5 /* MovieFeature */ = {
			isa = PBXNativeTarget;
			buildConfigurationList = FE15A8AA2B2370AB0051B0B5 /* Build configuration list for PBXNativeTarget "MovieFeature" */;
			buildPhases = (
				FE15A8932B2370AB0051B0B5 /* Headers */,
				FE15A8942B2370AB0051B0B5 /* Sources */,
				FE15A8952B2370AB0051B0B5 /* Frameworks */,
				FE15A8962B2370AB0051B0B5 /* Resources */,
			);
			buildRules = (
			);
			dependencies = (
			);
			name = MovieFeature;
			productName = MovieFeature;
			productReference = FE15A8982B2370AB0051B0B5 /* MovieFeature.framework */;
			productType = "com.apple.product-type.framework";
		};
		FE15A89F2B2370AB0051B0B5 /* MovieFeatureTests */ = {
			isa = PBXNativeTarget;
			buildConfigurationList = FE15A8AD2B2370AB0051B0B5 /* Build configuration list for PBXNativeTarget "MovieFeatureTests" */;
			buildPhases = (
				FE15A89C2B2370AB0051B0B5 /* Sources */,
				FE15A89D2B2370AB0051B0B5 /* Frameworks */,
				FE15A89E2B2370AB0051B0B5 /* Resources */,
			);
			buildRules = (
			);
			dependencies = (
				FE15A8A32B2370AB0051B0B5 /* PBXTargetDependency */,
			);
			name = MovieFeatureTests;
			productName = MovieFeatureTests;
			productReference = FE15A8A02B2370AB0051B0B5 /* MovieFeatureTests.xctest */;
			productType = "com.apple.product-type.bundle.unit-test";
		};
		FE15A8B32B2370C60051B0B5 /* MovieKing */ = {
			isa = PBXNativeTarget;
			buildConfigurationList = FE15A8BF2B2370C60051B0B5 /* Build configuration list for PBXNativeTarget "MovieKing" */;
			buildPhases = (
				FE15A8B02B2370C60051B0B5 /* Sources */,
				FE15A8B12B2370C60051B0B5 /* Frameworks */,
				FE15A8B22B2370C60051B0B5 /* Resources */,
			);
			buildRules = (
			);
			dependencies = (
			);
			name = MovieKing;
			productName = MovieKing;
			productReference = FE15A8B42B2370C60051B0B5 /* MovieKing.app */;
			productType = "com.apple.product-type.application";
		};
/* End PBXNativeTarget section */

/* Begin PBXProject section */
		FE15A88F2B2370AB0051B0B5 /* Project object */ = {
			isa = PBXProject;
			attributes = {
				BuildIndependentTargetsInParallel = 1;
				LastSwiftUpdateCheck = 1500;
				LastUpgradeCheck = 1500;
				TargetAttributes = {
					FE15A8972B2370AB0051B0B5 = {
						CreatedOnToolsVersion = 15.0.1;
					};
					FE15A89F2B2370AB0051B0B5 = {
						CreatedOnToolsVersion = 15.0.1;
					};
					FE15A8B32B2370C60051B0B5 = {
						CreatedOnToolsVersion = 15.0.1;
					};
				};
			};
			buildConfigurationList = FE15A8922B2370AB0051B0B5 /* Build configuration list for PBXProject "MovieFeature" */;
			compatibilityVersion = "Xcode 14.0";
			developmentRegion = en;
			hasScannedForEncodings = 0;
			knownRegions = (
				en,
				Base,
			);
			mainGroup = FE15A88E2B2370AB0051B0B5;
			productRefGroup = FE15A8992B2370AB0051B0B5 /* Products */;
			projectDirPath = "";
			projectRoot = "";
			targets = (
				FE15A8972B2370AB0051B0B5 /* MovieFeature */,
				FE15A89F2B2370AB0051B0B5 /* MovieFeatureTests */,
				FE15A8B32B2370C60051B0B5 /* MovieKing */,
			);
		};
/* End PBXProject section */

/* Begin PBXResourcesBuildPhase section */
		FE15A8962B2370AB0051B0B5 /* Resources */ = {
			isa = PBXResourcesBuildPhase;
			buildActionMask = 2147483647;
			files = (
			);
			runOnlyForDeploymentPostprocessing = 0;
		};
		FE15A89E2B2370AB0051B0B5 /* Resources */ = {
			isa = PBXResourcesBuildPhase;
			buildActionMask = 2147483647;
			files = (
			);
			runOnlyForDeploymentPostprocessing = 0;
		};
		FE15A8B22B2370C60051B0B5 /* Resources */ = {
			isa = PBXResourcesBuildPhase;
			buildActionMask = 2147483647;
			files = (
				FE15A8BE2B2370C60051B0B5 /* Preview Assets.xcassets in Resources */,
				FE15A8BB2B2370C60051B0B5 /* Assets.xcassets in Resources */,
			);
			runOnlyForDeploymentPostprocessing = 0;
		};
/* End PBXResourcesBuildPhase section */

/* Begin PBXSourcesBuildPhase section */
		FE15A8942B2370AB0051B0B5 /* Sources */ = {
			isa = PBXSourcesBuildPhase;
			buildActionMask = 2147483647;
			files = (
			);
			runOnlyForDeploymentPostprocessing = 0;
		};
		FE15A89C2B2370AB0051B0B5 /* Sources */ = {
			isa = PBXSourcesBuildPhase;
			buildActionMask = 2147483647;
			files = (
				FE15A8A62B2370AB0051B0B5 /* MovieFeatureTests.swift in Sources */,
			);
			runOnlyForDeploymentPostprocessing = 0;
		};
		FE15A8B02B2370C60051B0B5 /* Sources */ = {
			isa = PBXSourcesBuildPhase;
			buildActionMask = 2147483647;
			files = (
				FE15A8B92B2370C60051B0B5 /* ContentView.swift in Sources */,
				FE15A8B72B2370C60051B0B5 /* MovieKingApp.swift in Sources */,
			);
			runOnlyForDeploymentPostprocessing = 0;
		};
/* End PBXSourcesBuildPhase section */

/* Begin PBXTargetDependency section */
		FE15A8A32B2370AB0051B0B5 /* PBXTargetDependency */ = {
			isa = PBXTargetDependency;
			target = FE15A8972B2370AB0051B0B5 /* MovieFeature */;
			targetProxy = FE15A8A22B2370AB0051B0B5 /* PBXContainerItemProxy */;
		};
/* End PBXTargetDependency section */

/* Begin XCBuildConfiguration section */
		FE15A8A82B2370AB0051B0B5 /* Debug */ = {
			isa = XCBuildConfiguration;
			buildSettings = {
				ALWAYS_SEARCH_USER_PATHS = NO;
				ASSETCATALOG_COMPILER_GENERATE_SWIFT_ASSET_SYMBOL_EXTENSIONS = YES;
				CLANG_ANALYZER_NONNULL = YES;
				CLANG_ANALYZER_NUMBER_OBJECT_CONVERSION = YES_AGGRESSIVE;
				CLANG_CXX_LANGUAGE_STANDARD = "gnu++20";
				CLANG_ENABLE_MODULES = YES;
				CLANG_ENABLE_OBJC_ARC = YES;
				CLANG_ENABLE_OBJC_WEAK = YES;
				CLANG_WARN_BLOCK_CAPTURE_AUTORELEASING = YES;
				CLANG_WARN_BOOL_CONVERSION = YES;
				CLANG_WARN_COMMA = YES;
				CLANG_WARN_CONSTANT_CONVERSION = YES;
				CLANG_WARN_DEPRECATED_OBJC_IMPLEMENTATIONS = YES;
				CLANG_WARN_DIRECT_OBJC_ISA_USAGE = YES_ERROR;
				CLANG_WARN_DOCUMENTATION_COMMENTS = YES;
				CLANG_WARN_EMPTY_BODY = YES;
				CLANG_WARN_ENUM_CONVERSION = YES;
				CLANG_WARN_INFINITE_RECURSION = YES;
				CLANG_WARN_INT_CONVERSION = YES;
				CLANG_WARN_NON_LITERAL_NULL_CONVERSION = YES;
				CLANG_WARN_OBJC_IMPLICIT_RETAIN_SELF = YES;
				CLANG_WARN_OBJC_LITERAL_CONVERSION = YES;
				CLANG_WARN_OBJC_ROOT_CLASS = YES_ERROR;
				CLANG_WARN_QUOTED_INCLUDE_IN_FRAMEWORK_HEADER = YES;
				CLANG_WARN_RANGE_LOOP_ANALYSIS = YES;
				CLANG_WARN_STRICT_PROTOTYPES = YES;
				CLANG_WARN_SUSPICIOUS_MOVE = YES;
				CLANG_WARN_UNGUARDED_AVAILABILITY = YES_AGGRESSIVE;
				CLANG_WARN_UNREACHABLE_CODE = YES;
				CLANG_WARN__DUPLICATE_METHOD_MATCH = YES;
				COPY_PHASE_STRIP = NO;
				CURRENT_PROJECT_VERSION = 1;
				DEBUG_INFORMATION_FORMAT = dwarf;
				ENABLE_STRICT_OBJC_MSGSEND = YES;
				ENABLE_TESTABILITY = YES;
				ENABLE_USER_SCRIPT_SANDBOXING = YES;
				GCC_C_LANGUAGE_STANDARD = gnu17;
				GCC_DYNAMIC_NO_PIC = NO;
				GCC_NO_COMMON_BLOCKS = YES;
				GCC_OPTIMIZATION_LEVEL = 0;
				GCC_PREPROCESSOR_DEFINITIONS = (
					"DEBUG=1",
					"$(inherited)",
				);
				GCC_WARN_64_TO_32_BIT_CONVERSION = YES;
				GCC_WARN_ABOUT_RETURN_TYPE = YES_ERROR;
				GCC_WARN_UNDECLARED_SELECTOR = YES;
				GCC_WARN_UNINITIALIZED_AUTOS = YES_AGGRESSIVE;
				GCC_WARN_UNUSED_FUNCTION = YES;
				GCC_WARN_UNUSED_VARIABLE = YES;
				IPHONEOS_DEPLOYMENT_TARGET = 17.0;
				LOCALIZATION_PREFERS_STRING_CATALOGS = YES;
				MTL_ENABLE_DEBUG_INFO = INCLUDE_SOURCE;
				MTL_FAST_MATH = YES;
				ONLY_ACTIVE_ARCH = YES;
				SDKROOT = iphoneos;
				SWIFT_ACTIVE_COMPILATION_CONDITIONS = "DEBUG $(inherited)";
				SWIFT_OPTIMIZATION_LEVEL = "-Onone";
				VERSIONING_SYSTEM = "apple-generic";
				VERSION_INFO_PREFIX = "";
			};
			name = Debug;
		};
		FE15A8A92B2370AB0051B0B5 /* Release */ = {
			isa = XCBuildConfiguration;
			buildSettings = {
				ALWAYS_SEARCH_USER_PATHS = NO;
				ASSETCATALOG_COMPILER_GENERATE_SWIFT_ASSET_SYMBOL_EXTENSIONS = YES;
				CLANG_ANALYZER_NONNULL = YES;
				CLANG_ANALYZER_NUMBER_OBJECT_CONVERSION = YES_AGGRESSIVE;
				CLANG_CXX_LANGUAGE_STANDARD = "gnu++20";
				CLANG_ENABLE_MODULES = YES;
				CLANG_ENABLE_OBJC_ARC = YES;
				CLANG_ENABLE_OBJC_WEAK = YES;
				CLANG_WARN_BLOCK_CAPTURE_AUTORELEASING = YES;
				CLANG_WARN_BOOL_CONVERSION = YES;
				CLANG_WARN_COMMA = YES;
				CLANG_WARN_CONSTANT_CONVERSION = YES;
				CLANG_WARN_DEPRECATED_OBJC_IMPLEMENTATIONS = YES;
				CLANG_WARN_DIRECT_OBJC_ISA_USAGE = YES_ERROR;
				CLANG_WARN_DOCUMENTATION_COMMENTS = YES;
				CLANG_WARN_EMPTY_BODY = YES;
				CLANG_WARN_ENUM_CONVERSION = YES;
				CLANG_WARN_INFINITE_RECURSION = YES;
				CLANG_WARN_INT_CONVERSION = YES;
				CLANG_WARN_NON_LITERAL_NULL_CONVERSION = YES;
				CLANG_WARN_OBJC_IMPLICIT_RETAIN_SELF = YES;
				CLANG_WARN_OBJC_LITERAL_CONVERSION = YES;
				CLANG_WARN_OBJC_ROOT_CLASS = YES_ERROR;
				CLANG_WARN_QUOTED_INCLUDE_IN_FRAMEWORK_HEADER = YES;
				CLANG_WARN_RANGE_LOOP_ANALYSIS = YES;
				CLANG_WARN_STRICT_PROTOTYPES = YES;
				CLANG_WARN_SUSPICIOUS_MOVE = YES;
				CLANG_WARN_UNGUARDED_AVAILABILITY = YES_AGGRESSIVE;
				CLANG_WARN_UNREACHABLE_CODE = YES;
				CLANG_WARN__DUPLICATE_METHOD_MATCH = YES;
				COPY_PHASE_STRIP = NO;
				CURRENT_PROJECT_VERSION = 1;
				DEBUG_INFORMATION_FORMAT = "dwarf-with-dsym";
				ENABLE_NS_ASSERTIONS = NO;
				ENABLE_STRICT_OBJC_MSGSEND = YES;
				ENABLE_USER_SCRIPT_SANDBOXING = YES;
				GCC_C_LANGUAGE_STANDARD = gnu17;
				GCC_NO_COMMON_BLOCKS = YES;
				GCC_WARN_64_TO_32_BIT_CONVERSION = YES;
				GCC_WARN_ABOUT_RETURN_TYPE = YES_ERROR;
				GCC_WARN_UNDECLARED_SELECTOR = YES;
				GCC_WARN_UNINITIALIZED_AUTOS = YES_AGGRESSIVE;
				GCC_WARN_UNUSED_FUNCTION = YES;
				GCC_WARN_UNUSED_VARIABLE = YES;
				IPHONEOS_DEPLOYMENT_TARGET = 17.0;
				LOCALIZATION_PREFERS_STRING_CATALOGS = YES;
				MTL_ENABLE_DEBUG_INFO = NO;
				MTL_FAST_MATH = YES;
				SDKROOT = iphoneos;
				SWIFT_COMPILATION_MODE = wholemodule;
				VALIDATE_PRODUCT = YES;
				VERSIONING_SYSTEM = "apple-generic";
				VERSION_INFO_PREFIX = "";
			};
			name = Release;
		};
		FE15A8AB2B2370AB0051B0B5 /* Debug */ = {
			isa = XCBuildConfiguration;
			buildSettings = {
				CODE_SIGN_STYLE = Automatic;
				CURRENT_PROJECT_VERSION = 1;
				DEFINES_MODULE = YES;
				DEVELOPMENT_TEAM = UAYY3HH9CT;
				DYLIB_COMPATIBILITY_VERSION = 1;
				DYLIB_CURRENT_VERSION = 1;
				DYLIB_INSTALL_NAME_BASE = "@rpath";
				ENABLE_MODULE_VERIFIER = YES;
				GENERATE_INFOPLIST_FILE = YES;
				INFOPLIST_KEY_NSHumanReadableCopyright = "";
				INSTALL_PATH = "$(LOCAL_LIBRARY_DIR)/Frameworks";
				LD_RUNPATH_SEARCH_PATHS = (
					"$(inherited)",
					"@executable_path/Frameworks",
					"@loader_path/Frameworks",
				);
				MARKETING_VERSION = 1.0;
				MODULE_VERIFIER_SUPPORTED_LANGUAGES = "objective-c objective-c++";
				MODULE_VERIFIER_SUPPORTED_LANGUAGE_STANDARDS = "gnu17 gnu++20";
				PRODUCT_BUNDLE_IDENTIFIER = tw.com.qmontech.MovieFeature;
				PRODUCT_NAME = "$(TARGET_NAME:c99extidentifier)";
				SKIP_INSTALL = YES;
				SWIFT_EMIT_LOC_STRINGS = YES;
				SWIFT_VERSION = 5.0;
				TARGETED_DEVICE_FAMILY = "1,2";
			};
			name = Debug;
		};
		FE15A8AC2B2370AB0051B0B5 /* Release */ = {
			isa = XCBuildConfiguration;
			buildSettings = {
				CODE_SIGN_STYLE = Automatic;
				CURRENT_PROJECT_VERSION = 1;
				DEFINES_MODULE = YES;
				DEVELOPMENT_TEAM = UAYY3HH9CT;
				DYLIB_COMPATIBILITY_VERSION = 1;
				DYLIB_CURRENT_VERSION = 1;
				DYLIB_INSTALL_NAME_BASE = "@rpath";
				ENABLE_MODULE_VERIFIER = YES;
				GENERATE_INFOPLIST_FILE = YES;
				INFOPLIST_KEY_NSHumanReadableCopyright = "";
				INSTALL_PATH = "$(LOCAL_LIBRARY_DIR)/Frameworks";
				LD_RUNPATH_SEARCH_PATHS = (
					"$(inherited)",
					"@executable_path/Frameworks",
					"@loader_path/Frameworks",
				);
				MARKETING_VERSION = 1.0;
				MODULE_VERIFIER_SUPPORTED_LANGUAGES = "objective-c objective-c++";
				MODULE_VERIFIER_SUPPORTED_LANGUAGE_STANDARDS = "gnu17 gnu++20";
				PRODUCT_BUNDLE_IDENTIFIER = tw.com.qmontech.MovieFeature;
				PRODUCT_NAME = "$(TARGET_NAME:c99extidentifier)";
				SKIP_INSTALL = YES;
				SWIFT_EMIT_LOC_STRINGS = YES;
				SWIFT_VERSION = 5.0;
				TARGETED_DEVICE_FAMILY = "1,2";
			};
			name = Release;
		};
		FE15A8AE2B2370AB0051B0B5 /* Debug */ = {
			isa = XCBuildConfiguration;
			buildSettings = {
				CODE_SIGN_STYLE = Automatic;
				CURRENT_PROJECT_VERSION = 1;
				DEVELOPMENT_TEAM = UAYY3HH9CT;
				GENERATE_INFOPLIST_FILE = YES;
				MARKETING_VERSION = 1.0;
				PRODUCT_BUNDLE_IDENTIFIER = tw.com.qmontech.MovieFeatureTests;
				PRODUCT_NAME = "$(TARGET_NAME)";
				SWIFT_EMIT_LOC_STRINGS = NO;
				SWIFT_VERSION = 5.0;
				TARGETED_DEVICE_FAMILY = "1,2";
			};
			name = Debug;
		};
		FE15A8AF2B2370AB0051B0B5 /* Release */ = {
			isa = XCBuildConfiguration;
			buildSettings = {
				CODE_SIGN_STYLE = Automatic;
				CURRENT_PROJECT_VERSION = 1;
				DEVELOPMENT_TEAM = UAYY3HH9CT;
				GENERATE_INFOPLIST_FILE = YES;
				MARKETING_VERSION = 1.0;
				PRODUCT_BUNDLE_IDENTIFIER = tw.com.qmontech.MovieFeatureTests;
				PRODUCT_NAME = "$(TARGET_NAME)";
				SWIFT_EMIT_LOC_STRINGS = NO;
				SWIFT_VERSION = 5.0;
				TARGETED_DEVICE_FAMILY = "1,2";
			};
			name = Release;
		};
		FE15A8C02B2370C60051B0B5 /* Debug */ = {
			isa = XCBuildConfiguration;
			buildSettings = {
				ASSETCATALOG_COMPILER_APPICON_NAME = AppIcon;
				ASSETCATALOG_COMPILER_GLOBAL_ACCENT_COLOR_NAME = AccentColor;
				CODE_SIGN_STYLE = Automatic;
				CURRENT_PROJECT_VERSION = 1;
				DEVELOPMENT_ASSET_PATHS = "\"MovieKing/Preview Content\"";
				DEVELOPMENT_TEAM = UAYY3HH9CT;
				ENABLE_PREVIEWS = YES;
				GENERATE_INFOPLIST_FILE = YES;
				INFOPLIST_KEY_UIApplicationSceneManifest_Generation = YES;
				INFOPLIST_KEY_UIApplicationSupportsIndirectInputEvents = YES;
				INFOPLIST_KEY_UILaunchScreen_Generation = YES;
				INFOPLIST_KEY_UISupportedInterfaceOrientations = UIInterfaceOrientationPortrait;
				LD_RUNPATH_SEARCH_PATHS = (
					"$(inherited)",
					"@executable_path/Frameworks",
				);
				MARKETING_VERSION = 1.0;
				PRODUCT_BUNDLE_IDENTIFIER = tw.com.qmontech.MovieKing;
				PRODUCT_NAME = "$(TARGET_NAME)";
				SWIFT_EMIT_LOC_STRINGS = YES;
				SWIFT_VERSION = 5.0;
				TARGETED_DEVICE_FAMILY = "1,2";
			};
			name = Debug;
		};
		FE15A8C12B2370C60051B0B5 /* Release */ = {
			isa = XCBuildConfiguration;
			buildSettings = {
				ASSETCATALOG_COMPILER_APPICON_NAME = AppIcon;
				ASSETCATALOG_COMPILER_GLOBAL_ACCENT_COLOR_NAME = AccentColor;
				CODE_SIGN_STYLE = Automatic;
				CURRENT_PROJECT_VERSION = 1;
				DEVELOPMENT_ASSET_PATHS = "\"MovieKing/Preview Content\"";
				DEVELOPMENT_TEAM = UAYY3HH9CT;
				ENABLE_PREVIEWS = YES;
				GENERATE_INFOPLIST_FILE = YES;
				INFOPLIST_KEY_UIApplicationSceneManifest_Generation = YES;
				INFOPLIST_KEY_UIApplicationSupportsIndirectInputEvents = YES;
				INFOPLIST_KEY_UILaunchScreen_Generation = YES;
				INFOPLIST_KEY_UISupportedInterfaceOrientations = UIInterfaceOrientationPortrait;
				LD_RUNPATH_SEARCH_PATHS = (
					"$(inherited)",
					"@executable_path/Frameworks",
				);
				MARKETING_VERSION = 1.0;
				PRODUCT_BUNDLE_IDENTIFIER = tw.com.qmontech.MovieKing;
				PRODUCT_NAME = "$(TARGET_NAME)";
				SWIFT_EMIT_LOC_STRINGS = YES;
				SWIFT_VERSION = 5.0;
				TARGETED_DEVICE_FAMILY = "1,2";
			};
			name = Release;
		};
/* End XCBuildConfiguration section */

/* Begin XCConfigurationList section */
		FE15A8922B2370AB0051B0B5 /* Build configuration list for PBXProject "MovieFeature" */ = {
			isa = XCConfigurationList;
			buildConfigurations = (
				FE15A8A82B2370AB0051B0B5 /* Debug */,
				FE15A8A92B2370AB0051B0B5 /* Release */,
			);
			defaultConfigurationIsVisible = 0;
			defaultConfigurationName = Release;
		};
		FE15A8AA2B2370AB0051B0B5 /* Build configuration list for PBXNativeTarget "MovieFeature" */ = {
			isa = XCConfigurationList;
			buildConfigurations = (
				FE15A8AB2B2370AB0051B0B5 /* Debug */,
				FE15A8AC2B2370AB0051B0B5 /* Release */,
			);
			defaultConfigurationIsVisible = 0;
			defaultConfigurationName = Release;
		};
		FE15A8AD2B2370AB0051B0B5 /* Build configuration list for PBXNativeTarget "MovieFeatureTests" */ = {
			isa = XCConfigurationList;
			buildConfigurations = (
				FE15A8AE2B2370AB0051B0B5 /* Debug */,
				FE15A8AF2B2370AB0051B0B5 /* Release */,
			);
			defaultConfigurationIsVisible = 0;
			defaultConfigurationName = Release;
		};
		FE15A8BF2B2370C60051B0B5 /* Build configuration list for PBXNativeTarget "MovieKing" */ = {
			isa = XCConfigurationList;
			buildConfigurations = (
				FE15A8C02B2370C60051B0B5 /* Debug */,
				FE15A8C12B2370C60051B0B5 /* Release */,
			);
			defaultConfigurationIsVisible = 0;
			defaultConfigurationName = Release;
		};
/* End XCConfigurationList section */
	};
	rootObject = FE15A88F2B2370AB0051B0B5 /* Project object */;
}
